
Microsoft Visual Studio Solution File, Format Version 10.00
# Visual Studio 2008
Project("{FAE04EC0-301F-11D3-BF4B-00C04F79EFBC}") = "BMS", "BMS\BMS.csproj", "{84FB8858-AA73-4D0D-BB33-DE5C554BF398}"
EndProject
Project("{FAE04EC0-301F-11D3-BF4B-00C04F79EFBC}") = "test", "test\test.csproj", "{8B025EF4-9626-40D1-B57E-22E351EF091F}"
EndProject
Global
	GlobalSection(SolutionConfigurationPlatforms) = preSolution
		Debug|Any CPU = Debug|Any CPU
		Release|Any CPU = Release|Any CPU
	EndGlobalSection
	GlobalSection(ProjectConfigurationPlatforms) = postSolution
		{84FB8858-AA73-4D0D-BB33-DE5C554BF398}.Debug|Any CPU.ActiveCfg = Debug|Any CPU
		{84FB8858-AA73-4D0D-BB33-DE5C554BF398}.Debug|Any CPU.Build.0 = Debug|Any CPU
		{84FB8858-AA73-4D0D-BB33-DE5C554BF398}.Release|Any CPU.ActiveCfg = Release|Any CPU
		{84FB8858-AA73-4D0D-BB33-DE5C554BF398}.Release|Any CPU.Build.0 = Release|Any CPU
		{8B025EF4-9626-40D1-B57E-22E351EF091F}.Debug|Any CPU.ActiveCfg = Debug|Any CPU
		{8B025EF4-9626-40D1-B57E-22E351EF091F}.Debug|Any CPU.Build.0 = Debug|Any CPU
		{8B025EF4-9626-40D1-B57E-22E351EF091F}.Release|Any CPU.ActiveCfg = Release|Any CPU
		{8B025EF4-9626-40D1-B57E-22E351EF091F}.Release|Any CPU.Build.0 = Release|Any CPU
	EndGlobalSection
	GlobalSection(SolutionProperties) = preSolution
		HideSolutionNode = FALSE
	EndGlobalSection
EndGlobal
